{
  "name": "frontend",
  "version": "1.0.0",
  "lockfileVersion": 3,
  "requires": true,
  "packages": {
    "": {
      "name": "frontend",
      "version": "1.0.0",
      "license": "ISC",
      "dependencies": {
        "webix": "^11.3.0"
      }
    },
    "node_modules/webix": {
      "version": "11.3.0",
      "resolved": "https://registry.npmjs.org/webix/-/webix-11.3.0.tgz",
      "integrity": "sha512-Bn3PCtG0n1rriMOBw8hn7NyLbyl0Fh/IlEBE+Fi4K+dXSlhMdD7wk1bRQ/O/NujPYuWRvmMQXXIUatG8K/qd0g==",
      "license": "SEE LICENSE IN license.text"
    }
  }
}
